
Microsoft Visual Studio Solution File, Format Version 12.00
# Visual Studio 2013
VisualStudioVersion = 12.0.31101.0
MinimumVisualStudioVersion = 10.0.40219.1
Project("{2150E333-8FDC-42A3-9474-1A3956D46DE8}") = "Common", "Common", "{57A3014D-1112-4364-8E2B-23D980DB7D35}"
EndProject
Project("{2150E333-8FDC-42A3-9474-1A3956D46DE8}") = "Solution Items", "Solution Items", "{4958B0E7-E12B-42E3-93BB-1AC81429EE40}"
	ProjectSection(SolutionItems) = preProject
		..\.gitattributes = ..\.gitattributes
		..\.gitignore = ..\.gitignore
		..\LICENSE.txt = ..\LICENSE.txt
		..\README.md = ..\README.md
		Settings.StyleCop = Settings.StyleCop
	EndProjectSection
EndProject
Project("{2150E333-8FDC-42A3-9474-1A3956D46DE8}") = "CarSample", "CarSample", "{DFE236EF-5CF0-4C20-B465-46C5F262523C}"
EndProject
Project("{2150E333-8FDC-42A3-9474-1A3956D46DE8}") = "Tests", "Tests", "{B10740B3-91E7-4996-B12E-1654441C7C09}"
EndProject
Project("{2150E333-8FDC-42A3-9474-1A3956D46DE8}") = "ColdStorageConsumer", "ColdStorageConsumer", "{8740EEEA-2D60-473B-AFC5-6E864DE546DD}"
EndProject
Project("{2150E333-8FDC-42A3-9474-1A3956D46DE8}") = "DispatchingProcessorConsumer", "DispatchingProcessorConsumer", "{61A4FAE4-3363-4E5F-8393-1A4FC8F79678}"
EndProject
Project("{FAE04EC0-301F-11D3-BF4B-00C04F79EFBC}") = "Core", "Core\Core.csproj", "{B3657B80-640F-4D72-885E-E9F9729BAC18}"
EndProject
Project("{FAE04EC0-301F-11D3-BF4B-00C04F79EFBC}") = "Cars.Handlers", "Cars.Handlers\Cars.Handlers.csproj", "{CC768278-D680-4F43-AB00-F67861B4A438}"
EndProject
Project("{FAE04EC0-301F-11D3-BF4B-00C04F79EFBC}") = "Cars.Messages", "Cars.Messages\Cars.Messages.csproj", "{879FC82C-62A5-4EA7-A0D0-34968B2BD4EC}"
EndProject
Project("{FAE04EC0-301F-11D3-BF4B-00C04F79EFBC}") = "Cars.Simulator", "Cars.Simulator\Cars.Simulator.csproj", "{C05007FD-008C-45C9-A0B0-DD39F0A20E35}"
EndProject
Project("{FAE04EC0-301F-11D3-BF4B-00C04F79EFBC}") = "Cars.Simulator.ConsoleHost", "RunFromConsole\Cars.Simulator.ConsoleHost\Cars.Simulator.ConsoleHost.csproj", "{AF2D23B3-5494-46B7-A617-89E1DA8514EE}"
EndProject
Project("{FAE04EC0-301F-11D3-BF4B-00C04F79EFBC}") = "ColdStorage.EventHubHost", "ColdStorage.EventProcessorHost\ColdStorage.EventHubHost.csproj", "{6D15D1EF-A00C-4E2E-AEFB-6DA23BEA107F}"
EndProject
Project("{FAE04EC0-301F-11D3-BF4B-00C04F79EFBC}") = "ColdStorage.ConsoleHost", "RunFromConsole\ColdStorage.ConsoleHost\ColdStorage.ConsoleHost.csproj", "{1E5949F1-8E52-4791-8FBE-CE38DBD00DC5}"
EndProject
Project("{FAE04EC0-301F-11D3-BF4B-00C04F79EFBC}") = "DispatchingProcessor", "DispatchingProcessor\DispatchingProcessor.csproj", "{894282DA-019A-4878-8C35-A39714D28DC7}"
EndProject
Project("{FAE04EC0-301F-11D3-BF4B-00C04F79EFBC}") = "DispatchingProcessor.Tests", "Tests\DispatchingProcessor.Tests\DispatchingProcessor.Tests.csproj", "{1D95210E-9661-4D05-925E-C789F081DCB8}"
EndProject
Project("{FAE04EC0-301F-11D3-BF4B-00C04F79EFBC}") = "ColdStorage.BlobWriter.Tests", "Tests\ColdStorage.BlobWriter.Tests\ColdStorage.BlobWriter.Tests.csproj", "{5990E15A-7239-4B4A-B59B-495C73063B4B}"
EndProject
Project("{FAE04EC0-301F-11D3-BF4B-00C04F79EFBC}") = "DispatchingProcessor.ConsoleHost", "RunFromConsole\DispatchingProcessor.ConsoleHost\DispatchingProcessor.ConsoleHost.csproj", "{2FB2E560-9981-4EEE-948A-C2D110D80345}"
EndProject
Project("{FAE04EC0-301F-11D3-BF4B-00C04F79EFBC}") = "Cars.Simulator.Tests", "Tests\Cars.Simulator.Tests\Cars.Simulator.Tests.csproj", "{3101277B-B7D3-40D3-A9D8-6A1CFA68FF53}"
EndProject
Project("{FAE04EC0-301F-11D3-BF4B-00C04F79EFBC}") = "Cars.Handlers.Tests", "Tests\Cars.Handlers.Tests\Cars.Handlers.Tests.csproj", "{A5147D14-7F79-4CDC-A67A-282FBACC4668}"
EndProject
Project("{CC5FD16D-436D-48AD-A40C-5A424C6E3E79}") = "ConsumerGroupsDeployment", "Deployments\ConsumerGroupsDeployment\ConsumerGroupsDeployment.ccproj", "{C5E2E3E8-0F96-46A3-AE2C-638EA570E24C}"
EndProject
Project("{FAE04EC0-301F-11D3-BF4B-00C04F79EFBC}") = "Tests.Common", "Tests\Tests.Common\Tests.Common.csproj", "{769C50C0-1627-4834-824A-A77B2C303F9D}"
EndProject
Project("{FAE04EC0-301F-11D3-BF4B-00C04F79EFBC}") = "Cars.Dispatcher.WorkerRole", "Cars.Dispatcher.WorkerRole\Cars.Dispatcher.WorkerRole.csproj", "{A8350E56-2C64-49C5-935D-B8933D5FBB73}"
EndProject
Project("{FAE04EC0-301F-11D3-BF4B-00C04F79EFBC}") = "ColdStorage.WorkerRole", "ColdStorage.WorkerRole\ColdStorage.WorkerRole.csproj", "{8D14C4FA-546E-49F7-9656-F61D3C12271B}"
EndProject
Project("{FAE04EC0-301F-11D3-BF4B-00C04F79EFBC}") = "Cars.Simulator.WorkerRole", "Cars.Simulator.WorkerRole\Cars.Simulator.WorkerRole.csproj", "{909F4D0A-D7CC-4150-8E96-6EC2E0B41D7D}"
EndProject
Project("{2150E333-8FDC-42A3-9474-1A3956D46DE8}") = "Deployment", "Deployment", "{7D22B8B7-4728-480D-98A1-352FB8440646}"
	ProjectSection(SolutionItems) = preProject
		Deployments\CopyOutputToConfigFile.ps1 = Deployments\CopyOutputToConfigFile.ps1
		Deployments\CopyOutputToServiceConfigFiles.ps1 = Deployments\CopyOutputToServiceConfigFiles.ps1
		Deployments\CreateEventHub.ps1 = Deployments\CreateEventHub.ps1
		Deployments\ProvisionAssets.ps1 = Deployments\ProvisionAssets.ps1
		Deployments\ProvisionStorageAccount.ps1 = Deployments\ProvisionStorageAccount.ps1
	EndProjectSection
EndProject
Project("{CC5FD16D-436D-48AD-A40C-5A424C6E3E79}") = "SimulatorDeployment", "Deployments\SimulatorDeployment\SimulatorDeployment.ccproj", "{0BFE77A7-42B7-4C7F-A4D0-B7EBE2AF7238}"
EndProject
Project("{FAE04EC0-301F-11D3-BF4B-00C04F79EFBC}") = "Cars.CsvLog", "Cars.CsvLog\Cars.CsvLog.csproj", "{CD347286-82F0-4632-8772-37D417AF67A9}"
EndProject
Project("{2150E333-8FDC-42A3-9474-1A3956D46DE8}") = "HDInsight", "HDInsight", "{6AC798A2-F782-48E1-BC2E-F8F39F95FA4B}"
	ProjectSection(SolutionItems) = preProject
		HDInsight\hivequery.ps1 = HDInsight\hivequery.ps1
		HDInsight\README.md = HDInsight\README.md
	EndProjectSection
EndProject
Project("{2150E333-8FDC-42A3-9474-1A3956D46DE8}") = "RunFromConsole", "RunFromConsole", "{3A172F59-506A-4FC6-97ED-D9665E80D7B4}"
	ProjectSection(SolutionItems) = preProject
		RunFromConsole\mysettings-template.config = RunFromConsole\mysettings-template.config
		RunFromConsole\mysettings.config = RunFromConsole\mysettings.config
		RunFromConsole\README.md = RunFromConsole\README.md
	EndProjectSection
EndProject
Project("{2150E333-8FDC-42A3-9474-1A3956D46DE8}") = "Simulator", "Simulator", "{26819FD7-96F7-496B-9043-8F7382CD8D3A}"
EndProject
Global
	GlobalSection(SolutionConfigurationPlatforms) = preSolution
		Debug|Any CPU = Debug|Any CPU
		Release|Any CPU = Release|Any CPU
	EndGlobalSection
	GlobalSection(ProjectConfigurationPlatforms) = postSolution
		{B3657B80-640F-4D72-885E-E9F9729BAC18}.Debug|Any CPU.ActiveCfg = Debug|Any CPU
		{B3657B80-640F-4D72-885E-E9F9729BAC18}.Debug|Any CPU.Build.0 = Debug|Any CPU
		{B3657B80-640F-4D72-885E-E9F9729BAC18}.Release|Any CPU.ActiveCfg = Release|Any CPU
		{B3657B80-640F-4D72-885E-E9F9729BAC18}.Release|Any CPU.Build.0 = Release|Any CPU
		{CC768278-D680-4F43-AB00-F67861B4A438}.Debug|Any CPU.ActiveCfg = Debug|Any CPU
		{CC768278-D680-4F43-AB00-F67861B4A438}.Debug|Any CPU.Build.0 = Debug|Any CPU
		{CC768278-D680-4F43-AB00-F67861B4A438}.Release|Any CPU.ActiveCfg = Release|Any CPU
		{CC768278-D680-4F43-AB00-F67861B4A438}.Release|Any CPU.Build.0 = Release|Any CPU
		{879FC82C-62A5-4EA7-A0D0-34968B2BD4EC}.Debug|Any CPU.ActiveCfg = Debug|Any CPU
		{879FC82C-62A5-4EA7-A0D0-34968B2BD4EC}.Debug|Any CPU.Build.0 = Debug|Any CPU
		{879FC82C-62A5-4EA7-A0D0-34968B2BD4EC}.Release|Any CPU.ActiveCfg = Release|Any CPU
		{879FC82C-62A5-4EA7-A0D0-34968B2BD4EC}.Release|Any CPU.Build.0 = Release|Any CPU
		{C05007FD-008C-45C9-A0B0-DD39F0A20E35}.Debug|Any CPU.ActiveCfg = Debug|Any CPU
		{C05007FD-008C-45C9-A0B0-DD39F0A20E35}.Debug|Any CPU.Build.0 = Debug|Any CPU
		{C05007FD-008C-45C9-A0B0-DD39F0A20E35}.Release|Any CPU.ActiveCfg = Release|Any CPU
		{C05007FD-008C-45C9-A0B0-DD39F0A20E35}.Release|Any CPU.Build.0 = Release|Any CPU
		{AF2D23B3-5494-46B7-A617-89E1DA8514EE}.Debug|Any CPU.ActiveCfg = Debug|Any CPU
		{AF2D23B3-5494-46B7-A617-89E1DA8514EE}.Debug|Any CPU.Build.0 = Debug|Any CPU
		{AF2D23B3-5494-46B7-A617-89E1DA8514EE}.Release|Any CPU.ActiveCfg = Release|Any CPU
		{AF2D23B3-5494-46B7-A617-89E1DA8514EE}.Release|Any CPU.Build.0 = Release|Any CPU
		{6D15D1EF-A00C-4E2E-AEFB-6DA23BEA107F}.Debug|Any CPU.ActiveCfg = Debug|Any CPU
		{6D15D1EF-A00C-4E2E-AEFB-6DA23BEA107F}.Debug|Any CPU.Build.0 = Debug|Any CPU
		{6D15D1EF-A00C-4E2E-AEFB-6DA23BEA107F}.Release|Any CPU.ActiveCfg = Release|Any CPU
		{6D15D1EF-A00C-4E2E-AEFB-6DA23BEA107F}.Release|Any CPU.Build.0 = Release|Any CPU
		{1E5949F1-8E52-4791-8FBE-CE38DBD00DC5}.Debug|Any CPU.ActiveCfg = Debug|Any CPU
		{1E5949F1-8E52-4791-8FBE-CE38DBD00DC5}.Debug|Any CPU.Build.0 = Debug|Any CPU
		{1E5949F1-8E52-4791-8FBE-CE38DBD00DC5}.Release|Any CPU.ActiveCfg = Release|Any CPU
		{1E5949F1-8E52-4791-8FBE-CE38DBD00DC5}.Release|Any CPU.Build.0 = Release|Any CPU
		{894282DA-019A-4878-8C35-A39714D28DC7}.Debug|Any CPU.ActiveCfg = Debug|Any CPU
		{894282DA-019A-4878-8C35-A39714D28DC7}.Debug|Any CPU.Build.0 = Debug|Any CPU
		{894282DA-019A-4878-8C35-A39714D28DC7}.Release|Any CPU.ActiveCfg = Release|Any CPU
		{894282DA-019A-4878-8C35-A39714D28DC7}.Release|Any CPU.Build.0 = Release|Any CPU
		{1D95210E-9661-4D05-925E-C789F081DCB8}.Debug|Any CPU.ActiveCfg = Debug|Any CPU
		{1D95210E-9661-4D05-925E-C789F081DCB8}.Debug|Any CPU.Build.0 = Debug|Any CPU
		{1D95210E-9661-4D05-925E-C789F081DCB8}.Release|Any CPU.ActiveCfg = Release|Any CPU
		{1D95210E-9661-4D05-925E-C789F081DCB8}.Release|Any CPU.Build.0 = Release|Any CPU
		{5990E15A-7239-4B4A-B59B-495C73063B4B}.Debug|Any CPU.ActiveCfg = Debug|Any CPU
		{5990E15A-7239-4B4A-B59B-495C73063B4B}.Debug|Any CPU.Build.0 = Debug|Any CPU
		{5990E15A-7239-4B4A-B59B-495C73063B4B}.Release|Any CPU.ActiveCfg = Release|Any CPU
		{5990E15A-7239-4B4A-B59B-495C73063B4B}.Release|Any CPU.Build.0 = Release|Any CPU
		{2FB2E560-9981-4EEE-948A-C2D110D80345}.Debug|Any CPU.ActiveCfg = Debug|Any CPU
		{2FB2E560-9981-4EEE-948A-C2D110D80345}.Debug|Any CPU.Build.0 = Debug|Any CPU
		{2FB2E560-9981-4EEE-948A-C2D110D80345}.Release|Any CPU.ActiveCfg = Release|Any CPU
		{2FB2E560-9981-4EEE-948A-C2D110D80345}.Release|Any CPU.Build.0 = Release|Any CPU
		{3101277B-B7D3-40D3-A9D8-6A1CFA68FF53}.Debug|Any CPU.ActiveCfg = Debug|Any CPU
		{3101277B-B7D3-40D3-A9D8-6A1CFA68FF53}.Debug|Any CPU.Build.0 = Debug|Any CPU
		{3101277B-B7D3-40D3-A9D8-6A1CFA68FF53}.Release|Any CPU.ActiveCfg = Release|Any CPU
		{3101277B-B7D3-40D3-A9D8-6A1CFA68FF53}.Release|Any CPU.Build.0 = Release|Any CPU
		{A5147D14-7F79-4CDC-A67A-282FBACC4668}.Debug|Any CPU.ActiveCfg = Debug|Any CPU
		{A5147D14-7F79-4CDC-A67A-282FBACC4668}.Debug|Any CPU.Build.0 = Debug|Any CPU
		{A5147D14-7F79-4CDC-A67A-282FBACC4668}.Release|Any CPU.ActiveCfg = Release|Any CPU
		{A5147D14-7F79-4CDC-A67A-282FBACC4668}.Release|Any CPU.Build.0 = Release|Any CPU
		{C5E2E3E8-0F96-46A3-AE2C-638EA570E24C}.Debug|Any CPU.ActiveCfg = Debug|Any CPU
		{C5E2E3E8-0F96-46A3-AE2C-638EA570E24C}.Debug|Any CPU.Build.0 = Debug|Any CPU
		{C5E2E3E8-0F96-46A3-AE2C-638EA570E24C}.Release|Any CPU.ActiveCfg = Release|Any CPU
		{C5E2E3E8-0F96-46A3-AE2C-638EA570E24C}.Release|Any CPU.Build.0 = Release|Any CPU
		{769C50C0-1627-4834-824A-A77B2C303F9D}.Debug|Any CPU.ActiveCfg = Debug|Any CPU
		{769C50C0-1627-4834-824A-A77B2C303F9D}.Debug|Any CPU.Build.0 = Debug|Any CPU
		{769C50C0-1627-4834-824A-A77B2C303F9D}.Release|Any CPU.ActiveCfg = Release|Any CPU
		{769C50C0-1627-4834-824A-A77B2C303F9D}.Release|Any CPU.Build.0 = Release|Any CPU
		{A8350E56-2C64-49C5-935D-B8933D5FBB73}.Debug|Any CPU.ActiveCfg = Debug|Any CPU
		{A8350E56-2C64-49C5-935D-B8933D5FBB73}.Debug|Any CPU.Build.0 = Debug|Any CPU
		{A8350E56-2C64-49C5-935D-B8933D5FBB73}.Release|Any CPU.ActiveCfg = Release|Any CPU
		{A8350E56-2C64-49C5-935D-B8933D5FBB73}.Release|Any CPU.Build.0 = Release|Any CPU
		{8D14C4FA-546E-49F7-9656-F61D3C12271B}.Debug|Any CPU.ActiveCfg = Debug|Any CPU
		{8D14C4FA-546E-49F7-9656-F61D3C12271B}.Debug|Any CPU.Build.0 = Debug|Any CPU
		{8D14C4FA-546E-49F7-9656-F61D3C12271B}.Release|Any CPU.ActiveCfg = Release|Any CPU
		{8D14C4FA-546E-49F7-9656-F61D3C12271B}.Release|Any CPU.Build.0 = Release|Any CPU
		{909F4D0A-D7CC-4150-8E96-6EC2E0B41D7D}.Debug|Any CPU.ActiveCfg = Debug|Any CPU
		{909F4D0A-D7CC-4150-8E96-6EC2E0B41D7D}.Debug|Any CPU.Build.0 = Debug|Any CPU
		{909F4D0A-D7CC-4150-8E96-6EC2E0B41D7D}.Release|Any CPU.ActiveCfg = Release|Any CPU
		{909F4D0A-D7CC-4150-8E96-6EC2E0B41D7D}.Release|Any CPU.Build.0 = Release|Any CPU
		{0BFE77A7-42B7-4C7F-A4D0-B7EBE2AF7238}.Debug|Any CPU.ActiveCfg = Debug|Any CPU
		{0BFE77A7-42B7-4C7F-A4D0-B7EBE2AF7238}.Debug|Any CPU.Build.0 = Debug|Any CPU
		{0BFE77A7-42B7-4C7F-A4D0-B7EBE2AF7238}.Release|Any CPU.ActiveCfg = Release|Any CPU
		{0BFE77A7-42B7-4C7F-A4D0-B7EBE2AF7238}.Release|Any CPU.Build.0 = Release|Any CPU
		{CD347286-82F0-4632-8772-37D417AF67A9}.Debug|Any CPU.ActiveCfg = Debug|Any CPU
		{CD347286-82F0-4632-8772-37D417AF67A9}.Debug|Any CPU.Build.0 = Debug|Any CPU
		{CD347286-82F0-4632-8772-37D417AF67A9}.Release|Any CPU.ActiveCfg = Release|Any CPU
		{CD347286-82F0-4632-8772-37D417AF67A9}.Release|Any CPU.Build.0 = Release|Any CPU
	EndGlobalSection
	GlobalSection(SolutionProperties) = preSolution
		HideSolutionNode = FALSE
	EndGlobalSection
	GlobalSection(NestedProjects) = preSolution
		{B3657B80-640F-4D72-885E-E9F9729BAC18} = {57A3014D-1112-4364-8E2B-23D980DB7D35}
		{CC768278-D680-4F43-AB00-F67861B4A438} = {DFE236EF-5CF0-4C20-B465-46C5F262523C}
		{879FC82C-62A5-4EA7-A0D0-34968B2BD4EC} = {DFE236EF-5CF0-4C20-B465-46C5F262523C}
		{C05007FD-008C-45C9-A0B0-DD39F0A20E35} = {26819FD7-96F7-496B-9043-8F7382CD8D3A}
		{AF2D23B3-5494-46B7-A617-89E1DA8514EE} = {3A172F59-506A-4FC6-97ED-D9665E80D7B4}
		{6D15D1EF-A00C-4E2E-AEFB-6DA23BEA107F} = {8740EEEA-2D60-473B-AFC5-6E864DE546DD}
		{1E5949F1-8E52-4791-8FBE-CE38DBD00DC5} = {3A172F59-506A-4FC6-97ED-D9665E80D7B4}
		{894282DA-019A-4878-8C35-A39714D28DC7} = {61A4FAE4-3363-4E5F-8393-1A4FC8F79678}
		{1D95210E-9661-4D05-925E-C789F081DCB8} = {B10740B3-91E7-4996-B12E-1654441C7C09}
		{5990E15A-7239-4B4A-B59B-495C73063B4B} = {B10740B3-91E7-4996-B12E-1654441C7C09}
		{2FB2E560-9981-4EEE-948A-C2D110D80345} = {3A172F59-506A-4FC6-97ED-D9665E80D7B4}
		{3101277B-B7D3-40D3-A9D8-6A1CFA68FF53} = {B10740B3-91E7-4996-B12E-1654441C7C09}
		{A5147D14-7F79-4CDC-A67A-282FBACC4668} = {B10740B3-91E7-4996-B12E-1654441C7C09}
		{C5E2E3E8-0F96-46A3-AE2C-638EA570E24C} = {7D22B8B7-4728-480D-98A1-352FB8440646}
		{769C50C0-1627-4834-824A-A77B2C303F9D} = {B10740B3-91E7-4996-B12E-1654441C7C09}
		{A8350E56-2C64-49C5-935D-B8933D5FBB73} = {DFE236EF-5CF0-4C20-B465-46C5F262523C}
		{8D14C4FA-546E-49F7-9656-F61D3C12271B} = {8740EEEA-2D60-473B-AFC5-6E864DE546DD}
		{909F4D0A-D7CC-4150-8E96-6EC2E0B41D7D} = {26819FD7-96F7-496B-9043-8F7382CD8D3A}
		{0BFE77A7-42B7-4C7F-A4D0-B7EBE2AF7238} = {7D22B8B7-4728-480D-98A1-352FB8440646}
		{CD347286-82F0-4632-8772-37D417AF67A9} = {DFE236EF-5CF0-4C20-B465-46C5F262523C}
	EndGlobalSection
EndGlobal
